// !$*UTF8*$!
{
	archiveVersion = 1;
	classes = {
	};
	objectVersion = 46;
	objects = {

/* Begin PBXBuildFile section */
		F96A038A1B34D44100756787 /* AppDelegate.swift in Sources */ = {isa = PBXBuildFile; fileRef = F96A03891B34D44100756787 /* AppDelegate.swift */; };
		F96A038C1B34D44100756787 /* ViewController.swift in Sources */ = {isa = PBXBuildFile; fileRef = F96A038B1B34D44100756787 /* ViewController.swift */; };
		F96A038F1B34D44100756787 /* Main.storyboard in Resources */ = {isa = PBXBuildFile; fileRef = F96A038D1B34D44100756787 /* Main.storyboard */; };
		F96A03911B34D44100756787 /* Images.xcassets in Resources */ = {isa = PBXBuildFile; fileRef = F96A03901B34D44100756787 /* Images.xcassets */; };
		F96A03941B34D44100756787 /* LaunchScreen.xib in Resources */ = {isa = PBXBuildFile; fileRef = F96A03921B34D44100756787 /* LaunchScreen.xib */; };
		F96A03A01B34D44100756787 /* Pitch_PerfectTests.swift in Sources */ = {isa = PBXBuildFile; fileRef = F96A039F1B34D44100756787 /* Pitch_PerfectTests.swift */; };
/* End PBXBuildFile section */

/* Begin PBXContainerItemProxy section */
		F96A039A1B34D44100756787 /* PBXContainerItemProxy */ = {
			isa = PBXContainerItemProxy;
			containerPortal = F96A037C1B34D44100756787 /* Project object */;
			proxyType = 1;
			remoteGlobalIDString = F96A03831B34D44100756787;
			remoteInfo = "Pitch Perfect";
		};
/* End PBXContainerItemProxy section */

/* Begin PBXFileReference section */
		F96A03841B34D44100756787 /* Pitch Perfect.app */ = {isa = PBXFileReference; explicitFileType = wrapper.application; includeInIndex = 0; path = "Pitch Perfect.app"; sourceTree = BUILT_PRODUCTS_DIR; };
		F96A03881B34D44100756787 /* Info.plist */ = {isa = PBXFileReference; lastKnownFileType = text.plist.xml; path = Info.plist; sourceTree = "<group>"; };
		F96A03891B34D44100756787 /* AppDelegate.swift */ = {isa = PBXFileReference; lastKnownFileType = sourcecode.swift; path = AppDelegate.swift; sourceTree = "<group>"; };
		F96A038B1B34D44100756787 /* ViewController.swift */ = {isa = PBXFileReference; lastKnownFileType = sourcecode.swift; path = ViewController.swift; sourceTree = "<group>"; };
		F96A038E1B34D44100756787 /* Base */ = {isa = PBXFileReference; lastKnownFileType = file.storyboard; name = Base; path = Base.lproj/Main.storyboard; sourceTree = "<group>"; };
		F96A03901B34D44100756787 /* Images.xcassets */ = {isa = PBXFileReference; lastKnownFileType = folder.assetcatalog; path = Images.xcassets; sourceTree = "<group>"; };
		F96A03931B34D44100756787 /* Base */ = {isa = PBXFileReference; lastKnownFileType = file.xib; name = Base; path = Base.lproj/LaunchScreen.xib; sourceTree = "<group>"; };
		F96A03991B34D44100756787 /* Pitch PerfectTests.xctest */ = {isa = PBXFileReference; explicitFileType = wrapper.cfbundle; includeInIndex = 0; path = "Pitch PerfectTests.xctest"; sourceTree = BUILT_PRODUCTS_DIR; };
		F96A039E1B34D44100756787 /* Info.plist */ = {isa = PBXFileReference; lastKnownFileType = text.plist.xml; path = Info.plist; sourceTree = "<group>"; };
		F96A039F1B34D44100756787 /* Pitch_PerfectTests.swift */ = {isa = PBXFileReference; lastKnownFileType = sourcecode.swift; path = Pitch_PerfectTests.swift; sourceTree = "<group>"; };
/* End PBXFileReference section */

/* Begin PBXFrameworksBuildPhase section */
		F96A03811B34D44100756787 /* Frameworks */ = {
			isa = PBXFrameworksBuildPhase;
			buildActionMask = 2147483647;
			files = (
			);
			runOnlyForDeploymentPostprocessing = 0;
		};
		F96A03961B34D44100756787 /* Frameworks */ = {
			isa = PBXFrameworksBuildPhase;
			buildActionMask = 2147483647;
			files = (
			);
			runOnlyForDeploymentPostprocessing = 0;
		};
/* End PBXFrameworksBuildPhase section */

/* Begin PBXGroup section */
		F96A037B1B34D44100756787 = {
			isa = PBXGroup;
			children = (
				F96A03861B34D44100756787 /* Pitch Perfect */,
				F96A039C1B34D44100756787 /* Pitch PerfectTests */,
				F96A03851B34D44100756787 /* Products */,
			);
			sourceTree = "<group>";
		};
		F96A03851B34D44100756787 /* Products */ = {
			isa = PBXGroup;
			children = (
				F96A03841B34D44100756787 /* Pitch Perfect.app */,
				F96A03991B34D44100756787 /* Pitch PerfectTests.xctest */,
			);
			name = Products;
			sourceTree = "<group>";
		};
		F96A03861B34D44100756787 /* Pitch Perfect */ = {
			isa = PBXGroup;
			children = (
				F96A03891B34D44100756787 /* AppDelegate.swift */,
				F96A038B1B34D44100756787 /* ViewController.swift */,
				F96A038D1B34D44100756787 /* Main.storyboard */,
				F96A03901B34D44100756787 /* Images.xcassets */,
				F96A03921B34D44100756787 /* LaunchScreen.xib */,
				F96A03871B34D44100756787 /* Supporting Files */,
			);
			path = "Pitch Perfect";
			sourceTree = "<group>";
		};
		F96A03871B34D44100756787 /* Supporting Files */ = {
			isa = PBXGroup;
			children = (
				F96A03881B34D44100756787 /* Info.plist */,
			);
			name = "Supporting Files";
			sourceTree = "<group>";
		};
		F96A039C1B34D44100756787 /* Pitch PerfectTests */ = {
			isa = PBXGroup;
			children = (
				F96A039F1B34D44100756787 /* Pitch_PerfectTests.swift */,
				F96A039D1B34D44100756787 /* Supporting Files */,
			);
			path = "Pitch PerfectTests";
			sourceTree = "<group>";
		};
		F96A039D1B34D44100756787 /* Supporting Files */ = {
			isa = PBXGroup;
			children = (
				F96A039E1B34D44100756787 /* Info.plist */,
			);
			name = "Supporting Files";
			sourceTree = "<group>";
		};
/* End PBXGroup section */

/* Begin PBXNativeTarget section */
		F96A03831B34D44100756787 /* Pitch Perfect */ = {
			isa = PBXNativeTarget;
			buildConfigurationList = F96A03A31B34D44100756787 /* Build configuration list for PBXNativeTarget "Pitch Perfect" */;
			buildPhases = (
				F96A03801B34D44100756787 /* Sources */,
				F96A03811B34D44100756787 /* Frameworks */,
				F96A03821B34D44100756787 /* Resources */,
			);
			buildRules = (
			);
			dependencies = (
			);
			name = "Pitch Perfect";
			productName = "Pitch Perfect";
			productReference = F96A03841B34D44100756787 /* Pitch Perfect.app */;
			productType = "com.apple.product-type.application";
		};
		F96A03981B34D44100756787 /* Pitch PerfectTests */ = {
			isa = PBXNativeTarget;
			buildConfigurationList = F96A03A61B34D44100756787 /* Build configuration list for PBXNativeTarget "Pitch PerfectTests" */;
			buildPhases = (
				F96A03951B34D44100756787 /* Sources */,
				F96A03961B34D44100756787 /* Frameworks */,
				F96A03971B34D44100756787 /* Resources */,
			);
			buildRules = (
			);
			dependencies = (
				F96A039B1B34D44100756787 /* PBXTargetDependency */,
			);
			name = "Pitch PerfectTests";
			productName = "Pitch PerfectTests";
			productReference = F96A03991B34D44100756787 /* Pitch PerfectTests.xctest */;
			productType = "com.apple.product-type.bundle.unit-test";
		};
/* End PBXNativeTarget section */

/* Begin PBXProject section */
		F96A037C1B34D44100756787 /* Project object */ = {
			isa = PBXProject;
			attributes = {
				LastUpgradeCheck = 0630;
				ORGANIZATIONNAME = "Hao Wu";
				TargetAttributes = {
					F96A03831B34D44100756787 = {
						CreatedOnToolsVersion = 6.3.2;
					};
					F96A03981B34D44100756787 = {
						CreatedOnToolsVersion = 6.3.2;
						TestTargetID = F96A03831B34D44100756787;
					};
				};
			};
			buildConfigurationList = F96A037F1B34D44100756787 /* Build configuration list for PBXProject "Pitch Perfect" */;
			compatibilityVersion = "Xcode 3.2";
			developmentRegion = English;
			hasScannedForEncodings = 0;
			knownRegions = (
				en,
				Base,
			);
			mainGroup = F96A037B1B34D44100756787;
			productRefGroup = F96A03851B34D44100756787 /* Products */;
			projectDirPath = "";
			projectRoot = "";
			targets = (
				F96A03831B34D44100756787 /* Pitch Perfect */,
				F96A03981B34D44100756787 /* Pitch PerfectTests */,
			);
		};
/* End PBXProject section */

/* Begin PBXResourcesBuildPhase section */
		F96A03821B34D44100756787 /* Resources */ = {
			isa = PBXResourcesBuildPhase;
			buildActionMask = 2147483647;
			files = (
				F96A038F1B34D44100756787 /* Main.storyboard in Resources */,
				F96A03941B34D44100756787 /* LaunchScreen.xib in Resources */,
				F96A03911B34D44100756787 /* Images.xcassets in Resources */,
			);
			runOnlyForDeploymentPostprocessing = 0;
		};
		F96A03971B34D44100756787 /* Resources */ = {
			isa = PBXResourcesBuildPhase;
			buildActionMask = 2147483647;
			files = (
			);
			runOnlyForDeploymentPostprocessing = 0;
		};
/* End PBXResourcesBuildPhase section */

/* Begin PBXSourcesBuildPhase section */
		F96A03801B34D44100756787 /* Sources */ = {
			isa = PBXSourcesBuildPhase;
			buildActionMask = 2147483647;
			files = (
				F96A038C1B34D44100756787 /* ViewController.swift in Sources */,
				F96A038A1B34D44100756787 /* AppDelegate.swift in Sources */,
			);
			runOnlyForDeploymentPostprocessing = 0;
		};
		F96A03951B34D44100756787 /* Sources */ = {
			isa = PBXSourcesBuildPhase;
			buildActionMask = 2147483647;
			files = (
				F96A03A01B34D44100756787 /* Pitch_PerfectTests.swift in Sources */,
			);
			runOnlyForDeploymentPostprocessing = 0;
		};
/* End PBXSourcesBuildPhase section */

/* Begin PBXTargetDependency section */
		F96A039B1B34D44100756787 /* PBXTargetDependency */ = {
			isa = PBXTargetDependency;
			target = F96A03831B34D44100756787 /* Pitch Perfect */;
			targetProxy = F96A039A1B34D44100756787 /* PBXContainerItemProxy */;
		};
/* End PBXTargetDependency section */

/* Begin PBXVariantGroup section */
		F96A038D1B34D44100756787 /* Main.storyboard */ = {
			isa = PBXVariantGroup;
			children = (
				F96A038E1B34D44100756787 /* Base */,
			);
			name = Main.storyboard;
			sourceTree = "<group>";
		};
		F96A03921B34D44100756787 /* LaunchScreen.xib */ = {
			isa = PBXVariantGroup;
			children = (
				F96A03931B34D44100756787 /* Base */,
			);
			name = LaunchScreen.xib;
			sourceTree = "<group>";
		};
/* End PBXVariantGroup section */

/* Begin XCBuildConfiguration section */
		F96A03A11B34D44100756787 /* Debug */ = {
			isa = XCBuildConfiguration;
			buildSettings = {
				ALWAYS_SEARCH_USER_PATHS = NO;
				CLANG_CXX_LANGUAGE_STANDARD = "gnu++0x";
				CLANG_CXX_LIBRARY = "libc++";
				CLANG_ENABLE_MODULES = YES;
				CLANG_ENABLE_OBJC_ARC = YES;
				CLANG_WARN_BOOL_CONVERSION = YES;
				CLANG_WARN_CONSTANT_CONVERSION = YES;
				CLANG_WARN_DIRECT_OBJC_ISA_USAGE = YES_ERROR;
				CLANG_WARN_EMPTY_BODY = YES;
				CLANG_WARN_ENUM_CONVERSION = YES;
				CLANG_WARN_INT_CONVERSION = YES;
				CLANG_WARN_OBJC_ROOT_CLASS = YES_ERROR;
				CLANG_WARN_UNREACHABLE_CODE = YES;
				CLANG_WARN__DUPLICATE_METHOD_MATCH = YES;
				"CODE_SIGN_IDENTITY[sdk=iphoneos*]" = "iPhone Developer";
				COPY_PHASE_STRIP = NO;
				DEBUG_INFORMATION_FORMAT = "dwarf-with-dsym";
				ENABLE_STRICT_OBJC_MSGSEND = YES;
				GCC_C_LANGUAGE_STANDARD = gnu99;
				GCC_DYNAMIC_NO_PIC = NO;
				GCC_NO_COMMON_BLOCKS = YES;
				GCC_OPTIMIZATION_LEVEL = 0;
				GCC_PREPROCESSOR_DEFINITIONS = (
					"DEBUG=1",
					"$(inherited)",
				);
				GCC_SYMBOLS_PRIVATE_EXTERN = NO;
				GCC_WARN_64_TO_32_BIT_CONVERSION = YES;
				GCC_WARN_ABOUT_RETURN_TYPE = YES_ERROR;
				GCC_WARN_UNDECLARED_SELECTOR = YES;
				GCC_WARN_UNINITIALIZED_AUTOS = YES_AGGRESSIVE;
				GCC_WARN_UNUSED_FUNCTION = YES;
				GCC_WARN_UNUSED_VARIABLE = YES;
				IPHONEOS_DEPLOYMENT_TARGET = 8.3;
				MTL_ENABLE_DEBUG_INFO = YES;
				ONLY_ACTIVE_ARCH = YES;
				SDKROOT = iphoneos;
				SWIFT_OPTIMIZATION_LEVEL = "-Onone";
			};
			name = Debug;
		};
		F96A03A21B34D44100756787 /* Release */ = {
			isa = XCBuildConfiguration;
			buildSettings = {
				ALWAYS_SEARCH_USER_PATHS = NO;
				CLANG_CXX_LANGUAGE_STANDARD = "gnu++0x";
				CLANG_CXX_LIBRARY = "libc++";
				CLANG_ENABLE_MODULES = YES;
				CLANG_ENABLE_OBJC_ARC = YES;
				CLANG_WARN_BOOL_CONVERSION = YES;
				CLANG_WARN_CONSTANT_CONVERSION = YES;
				CLANG_WARN_DIRECT_OBJC_ISA_USAGE = YES_ERROR;
				CLANG_WARN_EMPTY_BODY = YES;
				CLANG_WARN_ENUM_CONVERSION = YES;
				CLANG_WARN_INT_CONVERSION = YES;
				CLANG_WARN_OBJC_ROOT_CLASS = YES_ERROR;
				CLANG_WARN_UNREACHABLE_CODE = YES;
				CLANG_WARN__DUPLICATE_METHOD_MATCH = YES;
				"CODE_SIGN_IDENTITY[sdk=iphoneos*]" = "iPhone Developer";
				COPY_PHASE_STRIP = NO;
				DEBUG_INFORMATION_FORMAT = "dwarf-with-dsym";
				ENABLE_NS_ASSERTIONS = NO;
				ENABLE_STRICT_OBJC_MSGSEND = YES;
				GCC_C_LANGUAGE_STANDARD = gnu99;
				GCC_NO_COMMON_BLOCKS = YES;
				GCC_WARN_64_TO_32_BIT_CONVERSION = YES;
				GCC_WARN_ABOUT_RETURN_TYPE = YES_ERROR;
				GCC_WARN_UNDECLARED_SELECTOR = YES;
				GCC_WARN_UNINITIALIZED_AUTOS = YES_AGGRESSIVE;
				GCC_WARN_UNUSED_FUNCTION = YES;
				GCC_WARN_UNUSED_VARIABLE = YES;
				IPHONEOS_DEPLOYMENT_TARGET = 8.3;
				MTL_ENABLE_DEBUG_INFO = NO;
				SDKROOT = iphoneos;
				VALIDATE_PRODUCT = YES;
			};
			name = Release;
		};
		F96A03A41B34D44100756787 /* Debug */ = {
			isa = XCBuildConfiguration;
			buildSettings = {
				ASSETCATALOG_COMPILER_APPICON_NAME = AppIcon;
				INFOPLIST_FILE = "Pitch Perfect/Info.plist";
				LD_RUNPATH_SEARCH_PATHS = "$(inherited) @executable_path/Frameworks";
				PRODUCT_NAME = "$(TARGET_NAME)";
			};
			name = Debug;
		};
		F96A03A51B34D44100756787 /* Release */ = {
			isa = XCBuildConfiguration;
			buildSettings = {
				ASSETCATALOG_COMPILER_APPICON_NAME = AppIcon;
				INFOPLIST_FILE = "Pitch Perfect/Info.plist";
				LD_RUNPATH_SEARCH_PATHS = "$(inherited) @executable_path/Frameworks";
				PRODUCT_NAME = "$(TARGET_NAME)";
			};
			name = Release;
		};
		F96A03A71B34D44100756787 /* Debug */ = {
			isa = XCBuildConfiguration;
			buildSettings = {
				BUNDLE_LOADER = "$(TEST_HOST)";
				FRAMEWORK_SEARCH_PATHS = (
					"$(SDKROOT)/Developer/Library/Frameworks",
					"$(inherited)",
				);
				GCC_PREPROCESSOR_DEFINITIONS = (
					"DEBUG=1",
					"$(inherited)",
				);
				INFOPLIST_FILE = "Pitch PerfectTests/Info.plist";
				LD_RUNPATH_SEARCH_PATHS = "$(inherited) @executable_path/Frameworks @loader_path/Frameworks";
				PRODUCT_NAME = "$(TARGET_NAME)";
				TEST_HOST = "$(BUILT_PRODUCTS_DIR)/Pitch Perfect.app/Pitch Perfect";
			};
			name = Debug;
		};
		F96A03A81B34D44100756787 /* Release */ = {
			isa = XCBuildConfiguration;
			buildSettings = {
				BUNDLE_LOADER = "$(TEST_HOST)";
				FRAMEWORK_SEARCH_PATHS = (
					"$(SDKROOT)/Developer/Library/Frameworks",
					"$(inherited)",
				);
				INFOPLIST_FILE = "Pitch PerfectTests/Info.plist";
				LD_RUNPATH_SEARCH_PATHS = "$(inherited) @executable_path/Frameworks @loader_path/Frameworks";
				PRODUCT_NAME = "$(TARGET_NAME)";
				TEST_HOST = "$(BUILT_PRODUCTS_DIR)/Pitch Perfect.app/Pitch Perfect";
			};
			name = Release;
		};
/* End XCBuildConfiguration section */

/* Begin XCConfigurationList section */
		F96A037F1B34D44100756787 /* Build configuration list for PBXProject "Pitch Perfect" */ = {
			isa = XCConfigurationList;
			buildConfigurations = (
				F96A03A11B34D44100756787 /* Debug */,
				F96A03A21B34D44100756787 /* Release */,
			);
			defaultConfigurationIsVisible = 0;
			defaultConfigurationName = Release;
		};
		F96A03A31B34D44100756787 /* Build configuration list for PBXNativeTarget "Pitch Perfect" */ = {
			isa = XCConfigurationList;
			buildConfigurations = (
				F96A03A41B34D44100756787 /* Debug */,
				F96A03A51B34D44100756787 /* Release */,
			);
			defaultConfigurationIsVisible = 0;
		};
		F96A03A61B34D44100756787 /* Build configuration list for PBXNativeTarget "Pitch PerfectTests" */ = {
			isa = XCConfigurationList;
			buildConfigurations = (
				F96A03A71B34D44100756787 /* Debug */,
				F96A03A81B34D44100756787 /* Release */,
			);
			defaultConfigurationIsVisible = 0;
		};
/* End XCConfigurationList section */
	};
	rootObject = F96A037C1B34D44100756787 /* Project object */;
}
